
Microsoft Visual Studio Solution File, Format Version 12.00
# Visual Studio Version 17
VisualStudioVersion = 17.14.36401.2
MinimumVisualStudioVersion = 10.0.40219.1
Project("{FAE04EC0-301F-11D3-BF4B-00C04F79EFBC}") = "ExampleDesktop", "ExampleDesktop\ExampleDesktop.csproj", "{BCD359B1-F59A-429A-B62C-A433700C5088}"
EndProject
Project("{930C7802-8A8C-48F9-8165-68863BCCD9DD}") = "SetupProject1", "SetupProject1\SetupProject1.wixproj", "{35CD4F5E-623F-44F2-854E-7A79FA1EC62A}"
EndProject
Project("{C7167F0D-BC9F-4E6E-AFE1-012C56B48DB5}") = "WinUniversalPackage", "WinUniversalPackage\WinUniversalPackage.wapproj", "{13CC1CDF-7EBE-4D2E-B1AA-1053DEAB7F92}"
EndProject
Project("{FAE04EC0-301F-11D3-BF4B-00C04F79EFBC}") = "Greeting.Dependency", "Greeting.Dependency\Greeting.Dependency.csproj", "{BBB78E7F-7CDC-445D-9ED9-80E09FF27197}"
EndProject
Project("{FAE04EC0-301F-11D3-BF4B-00C04F79EFBC}") = "RGB.Dependency", "RGB.Dependency\RGB.Dependency.csproj", "{F257E60F-4CEA-4760-B2FC-C297FBF491DD}"
EndProject
Global
	GlobalSection(SolutionConfigurationPlatforms) = preSolution
		Debug|Any CPU = Debug|Any CPU
		Debug|ARM = Debug|ARM
		Debug|ARM64 = Debug|ARM64
		Debug|x64 = Debug|x64
		Debug|x86 = Debug|x86
		Release|Any CPU = Release|Any CPU
		Release|ARM = Release|ARM
		Release|ARM64 = Release|ARM64
		Release|x64 = Release|x64
		Release|x86 = Release|x86
	EndGlobalSection
	GlobalSection(ProjectConfigurationPlatforms) = postSolution
		{BCD359B1-F59A-429A-B62C-A433700C5088}.Debug|Any CPU.ActiveCfg = Debug|Any CPU
		{BCD359B1-F59A-429A-B62C-A433700C5088}.Debug|Any CPU.Build.0 = Debug|Any CPU
		{BCD359B1-F59A-429A-B62C-A433700C5088}.Debug|ARM.ActiveCfg = Debug|Any CPU
		{BCD359B1-F59A-429A-B62C-A433700C5088}.Debug|ARM.Build.0 = Debug|Any CPU
		{BCD359B1-F59A-429A-B62C-A433700C5088}.Debug|ARM64.ActiveCfg = Debug|Any CPU
		{BCD359B1-F59A-429A-B62C-A433700C5088}.Debug|ARM64.Build.0 = Debug|Any CPU
		{BCD359B1-F59A-429A-B62C-A433700C5088}.Debug|x64.ActiveCfg = Debug|Any CPU
		{BCD359B1-F59A-429A-B62C-A433700C5088}.Debug|x64.Build.0 = Debug|Any CPU
		{BCD359B1-F59A-429A-B62C-A433700C5088}.Debug|x86.ActiveCfg = Debug|Any CPU
		{BCD359B1-F59A-429A-B62C-A433700C5088}.Debug|x86.Build.0 = Debug|Any CPU
		{BCD359B1-F59A-429A-B62C-A433700C5088}.Release|Any CPU.ActiveCfg = Release|Any CPU
		{BCD359B1-F59A-429A-B62C-A433700C5088}.Release|Any CPU.Build.0 = Release|Any CPU
		{BCD359B1-F59A-429A-B62C-A433700C5088}.Release|ARM.ActiveCfg = Release|Any CPU
		{BCD359B1-F59A-429A-B62C-A433700C5088}.Release|ARM.Build.0 = Release|Any CPU
		{BCD359B1-F59A-429A-B62C-A433700C5088}.Release|ARM64.ActiveCfg = Release|Any CPU
		{BCD359B1-F59A-429A-B62C-A433700C5088}.Release|ARM64.Build.0 = Release|Any CPU
		{BCD359B1-F59A-429A-B62C-A433700C5088}.Release|x64.ActiveCfg = Release|Any CPU
		{BCD359B1-F59A-429A-B62C-A433700C5088}.Release|x64.Build.0 = Release|Any CPU
		{BCD359B1-F59A-429A-B62C-A433700C5088}.Release|x86.ActiveCfg = Release|Any CPU
		{BCD359B1-F59A-429A-B62C-A433700C5088}.Release|x86.Build.0 = Release|Any CPU
		{35CD4F5E-623F-44F2-854E-7A79FA1EC62A}.Debug|Any CPU.ActiveCfg = Debug|x86
		{35CD4F5E-623F-44F2-854E-7A79FA1EC62A}.Debug|Any CPU.Build.0 = Debug|x86
		{35CD4F5E-623F-44F2-854E-7A79FA1EC62A}.Debug|ARM.ActiveCfg = Debug|x86
		{35CD4F5E-623F-44F2-854E-7A79FA1EC62A}.Debug|ARM.Build.0 = Debug|x86
		{35CD4F5E-623F-44F2-854E-7A79FA1EC62A}.Debug|ARM64.ActiveCfg = Debug|x86
		{35CD4F5E-623F-44F2-854E-7A79FA1EC62A}.Debug|ARM64.Build.0 = Debug|x86
		{35CD4F5E-623F-44F2-854E-7A79FA1EC62A}.Debug|x64.ActiveCfg = Debug|x86
		{35CD4F5E-623F-44F2-854E-7A79FA1EC62A}.Debug|x64.Build.0 = Debug|x86
		{35CD4F5E-623F-44F2-854E-7A79FA1EC62A}.Debug|x86.ActiveCfg = Debug|x86
		{35CD4F5E-623F-44F2-854E-7A79FA1EC62A}.Debug|x86.Build.0 = Debug|x86
		{35CD4F5E-623F-44F2-854E-7A79FA1EC62A}.Release|Any CPU.ActiveCfg = Release|x86
		{35CD4F5E-623F-44F2-854E-7A79FA1EC62A}.Release|Any CPU.Build.0 = Release|x86
		{35CD4F5E-623F-44F2-854E-7A79FA1EC62A}.Release|ARM.ActiveCfg = Release|x86
		{35CD4F5E-623F-44F2-854E-7A79FA1EC62A}.Release|ARM.Build.0 = Release|x86
		{35CD4F5E-623F-44F2-854E-7A79FA1EC62A}.Release|ARM64.ActiveCfg = Release|x86
		{35CD4F5E-623F-44F2-854E-7A79FA1EC62A}.Release|ARM64.Build.0 = Release|x86
		{35CD4F5E-623F-44F2-854E-7A79FA1EC62A}.Release|x64.ActiveCfg = Release|x86
		{35CD4F5E-623F-44F2-854E-7A79FA1EC62A}.Release|x64.Build.0 = Release|x86
		{35CD4F5E-623F-44F2-854E-7A79FA1EC62A}.Release|x86.ActiveCfg = Release|x86
		{35CD4F5E-623F-44F2-854E-7A79FA1EC62A}.Release|x86.Build.0 = Release|x86
		{13CC1CDF-7EBE-4D2E-B1AA-1053DEAB7F92}.Debug|Any CPU.ActiveCfg = Debug|Any CPU
		{13CC1CDF-7EBE-4D2E-B1AA-1053DEAB7F92}.Debug|Any CPU.Build.0 = Debug|Any CPU
		{13CC1CDF-7EBE-4D2E-B1AA-1053DEAB7F92}.Debug|Any CPU.Deploy.0 = Debug|Any CPU
		{13CC1CDF-7EBE-4D2E-B1AA-1053DEAB7F92}.Debug|ARM.ActiveCfg = Debug|ARM
		{13CC1CDF-7EBE-4D2E-B1AA-1053DEAB7F92}.Debug|ARM.Build.0 = Debug|ARM
		{13CC1CDF-7EBE-4D2E-B1AA-1053DEAB7F92}.Debug|ARM.Deploy.0 = Debug|ARM
		{13CC1CDF-7EBE-4D2E-B1AA-1053DEAB7F92}.Debug|ARM64.ActiveCfg = Debug|ARM64
		{13CC1CDF-7EBE-4D2E-B1AA-1053DEAB7F92}.Debug|ARM64.Build.0 = Debug|ARM64
		{13CC1CDF-7EBE-4D2E-B1AA-1053DEAB7F92}.Debug|ARM64.Deploy.0 = Debug|ARM64
		{13CC1CDF-7EBE-4D2E-B1AA-1053DEAB7F92}.Debug|x64.ActiveCfg = Debug|x64
		{13CC1CDF-7EBE-4D2E-B1AA-1053DEAB7F92}.Debug|x64.Build.0 = Debug|x64
		{13CC1CDF-7EBE-4D2E-B1AA-1053DEAB7F92}.Debug|x64.Deploy.0 = Debug|x64
		{13CC1CDF-7EBE-4D2E-B1AA-1053DEAB7F92}.Debug|x86.ActiveCfg = Debug|x86
		{13CC1CDF-7EBE-4D2E-B1AA-1053DEAB7F92}.Debug|x86.Build.0 = Debug|x86
		{13CC1CDF-7EBE-4D2E-B1AA-1053DEAB7F92}.Debug|x86.Deploy.0 = Debug|x86
		{13CC1CDF-7EBE-4D2E-B1AA-1053DEAB7F92}.Release|Any CPU.ActiveCfg = Release|Any CPU
		{13CC1CDF-7EBE-4D2E-B1AA-1053DEAB7F92}.Release|Any CPU.Build.0 = Release|Any CPU
		{13CC1CDF-7EBE-4D2E-B1AA-1053DEAB7F92}.Release|Any CPU.Deploy.0 = Release|Any CPU
		{13CC1CDF-7EBE-4D2E-B1AA-1053DEAB7F92}.Release|ARM.ActiveCfg = Release|ARM
		{13CC1CDF-7EBE-4D2E-B1AA-1053DEAB7F92}.Release|ARM.Build.0 = Release|ARM
		{13CC1CDF-7EBE-4D2E-B1AA-1053DEAB7F92}.Release|ARM.Deploy.0 = Release|ARM
		{13CC1CDF-7EBE-4D2E-B1AA-1053DEAB7F92}.Release|ARM64.ActiveCfg = Release|ARM64
		{13CC1CDF-7EBE-4D2E-B1AA-1053DEAB7F92}.Release|ARM64.Build.0 = Release|ARM64
		{13CC1CDF-7EBE-4D2E-B1AA-1053DEAB7F92}.Release|ARM64.Deploy.0 = Release|ARM64
		{13CC1CDF-7EBE-4D2E-B1AA-1053DEAB7F92}.Release|x64.ActiveCfg = Release|x64
		{13CC1CDF-7EBE-4D2E-B1AA-1053DEAB7F92}.Release|x64.Build.0 = Release|x64
		{13CC1CDF-7EBE-4D2E-B1AA-1053DEAB7F92}.Release|x64.Deploy.0 = Release|x64
		{13CC1CDF-7EBE-4D2E-B1AA-1053DEAB7F92}.Release|x86.ActiveCfg = Release|x86
		{13CC1CDF-7EBE-4D2E-B1AA-1053DEAB7F92}.Release|x86.Build.0 = Release|x86
		{13CC1CDF-7EBE-4D2E-B1AA-1053DEAB7F92}.Release|x86.Deploy.0 = Release|x86
		{BBB78E7F-7CDC-445D-9ED9-80E09FF27197}.Debug|Any CPU.ActiveCfg = Debug|Any CPU
		{BBB78E7F-7CDC-445D-9ED9-80E09FF27197}.Debug|Any CPU.Build.0 = Debug|Any CPU
		{BBB78E7F-7CDC-445D-9ED9-80E09FF27197}.Debug|ARM.ActiveCfg = Debug|Any CPU
		{BBB78E7F-7CDC-445D-9ED9-80E09FF27197}.Debug|ARM.Build.0 = Debug|Any CPU
		{BBB78E7F-7CDC-445D-9ED9-80E09FF27197}.Debug|ARM64.ActiveCfg = Debug|Any CPU
		{BBB78E7F-7CDC-445D-9ED9-80E09FF27197}.Debug|ARM64.Build.0 = Debug|Any CPU
		{BBB78E7F-7CDC-445D-9ED9-80E09FF27197}.Debug|x64.ActiveCfg = Debug|Any CPU
		{BBB78E7F-7CDC-445D-9ED9-80E09FF27197}.Debug|x64.Build.0 = Debug|Any CPU
		{BBB78E7F-7CDC-445D-9ED9-80E09FF27197}.Debug|x86.ActiveCfg = Debug|Any CPU
		{BBB78E7F-7CDC-445D-9ED9-80E09FF27197}.Debug|x86.Build.0 = Debug|Any CPU
		{BBB78E7F-7CDC-445D-9ED9-80E09FF27197}.Release|Any CPU.ActiveCfg = Release|Any CPU
		{BBB78E7F-7CDC-445D-9ED9-80E09FF27197}.Release|Any CPU.Build.0 = Release|Any CPU
		{BBB78E7F-7CDC-445D-9ED9-80E09FF27197}.Release|ARM.ActiveCfg = Release|Any CPU
		{BBB78E7F-7CDC-445D-9ED9-80E09FF27197}.Release|ARM.Build.0 = Release|Any CPU
		{BBB78E7F-7CDC-445D-9ED9-80E09FF27197}.Release|ARM64.ActiveCfg = Release|Any CPU
		{BBB78E7F-7CDC-445D-9ED9-80E09FF27197}.Release|ARM64.Build.0 = Release|Any CPU
		{BBB78E7F-7CDC-445D-9ED9-80E09FF27197}.Release|x64.ActiveCfg = Release|Any CPU
		{BBB78E7F-7CDC-445D-9ED9-80E09FF27197}.Release|x64.Build.0 = Release|Any CPU
		{BBB78E7F-7CDC-445D-9ED9-80E09FF27197}.Release|x86.ActiveCfg = Release|Any CPU
		{BBB78E7F-7CDC-445D-9ED9-80E09FF27197}.Release|x86.Build.0 = Release|Any CPU
		{F257E60F-4CEA-4760-B2FC-C297FBF491DD}.Debug|Any CPU.ActiveCfg = Debug|Any CPU
		{F257E60F-4CEA-4760-B2FC-C297FBF491DD}.Debug|Any CPU.Build.0 = Debug|Any CPU
		{F257E60F-4CEA-4760-B2FC-C297FBF491DD}.Debug|ARM.ActiveCfg = Debug|Any CPU
		{F257E60F-4CEA-4760-B2FC-C297FBF491DD}.Debug|ARM.Build.0 = Debug|Any CPU
		{F257E60F-4CEA-4760-B2FC-C297FBF491DD}.Debug|ARM64.ActiveCfg = Debug|Any CPU
		{F257E60F-4CEA-4760-B2FC-C297FBF491DD}.Debug|ARM64.Build.0 = Debug|Any CPU
		{F257E60F-4CEA-4760-B2FC-C297FBF491DD}.Debug|x64.ActiveCfg = Debug|Any CPU
		{F257E60F-4CEA-4760-B2FC-C297FBF491DD}.Debug|x64.Build.0 = Debug|Any CPU
		{F257E60F-4CEA-4760-B2FC-C297FBF491DD}.Debug|x86.ActiveCfg = Debug|Any CPU
		{F257E60F-4CEA-4760-B2FC-C297FBF491DD}.Debug|x86.Build.0 = Debug|Any CPU
		{F257E60F-4CEA-4760-B2FC-C297FBF491DD}.Release|Any CPU.ActiveCfg = Release|Any CPU
		{F257E60F-4CEA-4760-B2FC-C297FBF491DD}.Release|Any CPU.Build.0 = Release|Any CPU
		{F257E60F-4CEA-4760-B2FC-C297FBF491DD}.Release|ARM.ActiveCfg = Release|Any CPU
		{F257E60F-4CEA-4760-B2FC-C297FBF491DD}.Release|ARM.Build.0 = Release|Any CPU
		{F257E60F-4CEA-4760-B2FC-C297FBF491DD}.Release|ARM64.ActiveCfg = Release|Any CPU
		{F257E60F-4CEA-4760-B2FC-C297FBF491DD}.Release|ARM64.Build.0 = Release|Any CPU
		{F257E60F-4CEA-4760-B2FC-C297FBF491DD}.Release|x64.ActiveCfg = Release|Any CPU
		{F257E60F-4CEA-4760-B2FC-C297FBF491DD}.Release|x64.Build.0 = Release|Any CPU
		{F257E60F-4CEA-4760-B2FC-C297FBF491DD}.Release|x86.ActiveCfg = Release|Any CPU
		{F257E60F-4CEA-4760-B2FC-C297FBF491DD}.Release|x86.Build.0 = Release|Any CPU
	EndGlobalSection
	GlobalSection(SolutionProperties) = preSolution
		HideSolutionNode = FALSE
	EndGlobalSection
	GlobalSection(ExtensibilityGlobals) = postSolution
		SolutionGuid = {049B7DC0-74DB-4122-9193-1DDD1495427B}
	EndGlobalSection
EndGlobal
